
Microsoft Visual Studio Solution File, Format Version 12.00
# Visual Studio Version 17
VisualStudioVersion = 17.0.31912.275
MinimumVisualStudioVersion = 10.0.40219.1
Project("{FAE04EC0-301F-11D3-BF4B-00C04F79EFBC}") = "Queue", "Queue\Queue.csproj", "{DA09735F-B4BF-4569-9D60-92D0DE48175A}"
EndProject
Global
	GlobalSection(SolutionConfigurationPlatforms) = preSolution
		Debug|Any CPU = Debug|Any CPU
		Release|Any CPU = Release|Any CPU
	EndGlobalSection
	GlobalSection(ProjectConfigurationPlatforms) = postSolution
		{DA09735F-B4BF-4569-9D60-92D0DE48175A}.Debug|Any CPU.ActiveCfg = Debug|Any CPU
		{DA09735F-B4BF-4569-9D60-92D0DE48175A}.Debug|Any CPU.Build.0 = Debug|Any CPU
		{DA09735F-B4BF-4569-9D60-92D0DE48175A}.Release|Any CPU.ActiveCfg = Release|Any CPU
		{DA09735F-B4BF-4569-9D60-92D0DE48175A}.Release|Any CPU.Build.0 = Release|Any CPU
	EndGlobalSection
	GlobalSection(SolutionProperties) = preSolution
		HideSolutionNode = FALSE
	EndGlobalSection
	GlobalSection(ExtensibilityGlobals) = postSolution
		SolutionGuid = {D8FFE7F4-CBF8-41D6-8EC2-35A468A61D30}
	EndGlobalSection
EndGlobal
